
Microsoft Visual Studio Solution File, Format Version 12.00
# Visual Studio Version 17
VisualStudioVersion = 17.11.35327.3
MinimumVisualStudioVersion = 10.0.40219.1
Project("{FAE04EC0-301F-11D3-BF4B-00C04F79EFBC}") = "TH_Report", "TH_Report.csproj", "{856E4DDD-C7DF-4FF1-A833-0A9DB8ADA171}"
EndProject
Global
	GlobalSection(SolutionConfigurationPlatforms) = preSolution
		Debug|Any CPU = Debug|Any CPU
		Release|Any CPU = Release|Any CPU
	EndGlobalSection
	GlobalSection(ProjectConfigurationPlatforms) = postSolution
		{856E4DDD-C7DF-4FF1-A833-0A9DB8ADA171}.Debug|Any CPU.ActiveCfg = Debug|Any CPU
		{856E4DDD-C7DF-4FF1-A833-0A9DB8ADA171}.Debug|Any CPU.Build.0 = Debug|Any CPU
		{856E4DDD-C7DF-4FF1-A833-0A9DB8ADA171}.Release|Any CPU.ActiveCfg = Release|Any CPU
		{856E4DDD-C7DF-4FF1-A833-0A9DB8ADA171}.Release|Any CPU.Build.0 = Release|Any CPU
	EndGlobalSection
	GlobalSection(SolutionProperties) = preSolution
		HideSolutionNode = FALSE
	EndGlobalSection
	GlobalSection(ExtensibilityGlobals) = postSolution
		SolutionGuid = {2EEC46D4-0082-49D3-B46D-B9467960B5FF}
	EndGlobalSection
EndGlobal
